
Microsoft Visual Studio Solution File, Format Version 12.00
# Visual Studio Version 17
VisualStudioVersion = 17.0.31903.59
MinimumVisualStudioVersion = 10.0.40219.1
Project("{FAE04EC0-301F-11D3-BF4B-00C04F79EFBC}") = "Task1", "Task1\Task1.csproj", "{8B18D7AD-6A9F-4A28-9162-98F2CAE61046}"
EndProject
Project("{FAE04EC0-301F-11D3-BF4B-00C04F79EFBC}") = "Task2", "Task2\Task2.csproj", "{9B42C839-E7B1-4F1E-858B-77120CDACEA4}"
EndProject
Project("{FAE04EC0-301F-11D3-BF4B-00C04F79EFBC}") = "Task3", "Task3\Task3.csproj", "{041A1F9E-C3D3-4263-B115-B2C08CCA9597}"
EndProject
Project("{FAE04EC0-301F-11D3-BF4B-00C04F79EFBC}") = "Task4", "Task4\Task4.csproj", "{3475BF2E-6B27-491D-A84F-C4FC653E995F}"
EndProject
Project("{FAE04EC0-301F-11D3-BF4B-00C04F79EFBC}") = "Task5", "Task5\Task5.csproj", "{D19EB597-239B-4ED7-9ABB-F3277E2FE12E}"
EndProject
Project("{FAE04EC0-301F-11D3-BF4B-00C04F79EFBC}") = "Task6", "Task6\Task6.csproj", "{3E663501-2E6F-4857-9853-B3E45E4E8CA4}"
EndProject
Global
	GlobalSection(SolutionConfigurationPlatforms) = preSolution
		Debug|Any CPU = Debug|Any CPU
		Debug|x64 = Debug|x64
		Debug|x86 = Debug|x86
		Release|Any CPU = Release|Any CPU
		Release|x64 = Release|x64
		Release|x86 = Release|x86
	EndGlobalSection
	GlobalSection(ProjectConfigurationPlatforms) = postSolution
		{8B18D7AD-6A9F-4A28-9162-98F2CAE61046}.Debug|Any CPU.ActiveCfg = Debug|Any CPU
		{8B18D7AD-6A9F-4A28-9162-98F2CAE61046}.Debug|Any CPU.Build.0 = Debug|Any CPU
		{8B18D7AD-6A9F-4A28-9162-98F2CAE61046}.Debug|x64.ActiveCfg = Debug|Any CPU
		{8B18D7AD-6A9F-4A28-9162-98F2CAE61046}.Debug|x64.Build.0 = Debug|Any CPU
		{8B18D7AD-6A9F-4A28-9162-98F2CAE61046}.Debug|x86.ActiveCfg = Debug|Any CPU
		{8B18D7AD-6A9F-4A28-9162-98F2CAE61046}.Debug|x86.Build.0 = Debug|Any CPU
		{8B18D7AD-6A9F-4A28-9162-98F2CAE61046}.Release|Any CPU.ActiveCfg = Release|Any CPU
		{8B18D7AD-6A9F-4A28-9162-98F2CAE61046}.Release|Any CPU.Build.0 = Release|Any CPU
		{8B18D7AD-6A9F-4A28-9162-98F2CAE61046}.Release|x64.ActiveCfg = Release|Any CPU
		{8B18D7AD-6A9F-4A28-9162-98F2CAE61046}.Release|x64.Build.0 = Release|Any CPU
		{8B18D7AD-6A9F-4A28-9162-98F2CAE61046}.Release|x86.ActiveCfg = Release|Any CPU
		{8B18D7AD-6A9F-4A28-9162-98F2CAE61046}.Release|x86.Build.0 = Release|Any CPU
		{9B42C839-E7B1-4F1E-858B-77120CDACEA4}.Debug|Any CPU.ActiveCfg = Debug|Any CPU
		{9B42C839-E7B1-4F1E-858B-77120CDACEA4}.Debug|Any CPU.Build.0 = Debug|Any CPU
		{9B42C839-E7B1-4F1E-858B-77120CDACEA4}.Debug|x64.ActiveCfg = Debug|Any CPU
		{9B42C839-E7B1-4F1E-858B-77120CDACEA4}.Debug|x64.Build.0 = Debug|Any CPU
		{9B42C839-E7B1-4F1E-858B-77120CDACEA4}.Debug|x86.ActiveCfg = Debug|Any CPU
		{9B42C839-E7B1-4F1E-858B-77120CDACEA4}.Debug|x86.Build.0 = Debug|Any CPU
		{9B42C839-E7B1-4F1E-858B-77120CDACEA4}.Release|Any CPU.ActiveCfg = Release|Any CPU
		{9B42C839-E7B1-4F1E-858B-77120CDACEA4}.Release|Any CPU.Build.0 = Release|Any CPU
		{9B42C839-E7B1-4F1E-858B-77120CDACEA4}.Release|x64.ActiveCfg = Release|Any CPU
		{9B42C839-E7B1-4F1E-858B-77120CDACEA4}.Release|x64.Build.0 = Release|Any CPU
		{9B42C839-E7B1-4F1E-858B-77120CDACEA4}.Release|x86.ActiveCfg = Release|Any CPU
		{9B42C839-E7B1-4F1E-858B-77120CDACEA4}.Release|x86.Build.0 = Release|Any CPU
		{041A1F9E-C3D3-4263-B115-B2C08CCA9597}.Debug|Any CPU.ActiveCfg = Debug|Any CPU
		{041A1F9E-C3D3-4263-B115-B2C08CCA9597}.Debug|Any CPU.Build.0 = Debug|Any CPU
		{041A1F9E-C3D3-4263-B115-B2C08CCA9597}.Debug|x64.ActiveCfg = Debug|Any CPU
		{041A1F9E-C3D3-4263-B115-B2C08CCA9597}.Debug|x64.Build.0 = Debug|Any CPU
		{041A1F9E-C3D3-4263-B115-B2C08CCA9597}.Debug|x86.ActiveCfg = Debug|Any CPU
		{041A1F9E-C3D3-4263-B115-B2C08CCA9597}.Debug|x86.Build.0 = Debug|Any CPU
		{041A1F9E-C3D3-4263-B115-B2C08CCA9597}.Release|Any CPU.ActiveCfg = Release|Any CPU
		{041A1F9E-C3D3-4263-B115-B2C08CCA9597}.Release|Any CPU.Build.0 = Release|Any CPU
		{041A1F9E-C3D3-4263-B115-B2C08CCA9597}.Release|x64.ActiveCfg = Release|Any CPU
		{041A1F9E-C3D3-4263-B115-B2C08CCA9597}.Release|x64.Build.0 = Release|Any CPU
		{041A1F9E-C3D3-4263-B115-B2C08CCA9597}.Release|x86.ActiveCfg = Release|Any CPU
		{041A1F9E-C3D3-4263-B115-B2C08CCA9597}.Release|x86.Build.0 = Release|Any CPU
		{3475BF2E-6B27-491D-A84F-C4FC653E995F}.Debug|Any CPU.ActiveCfg = Debug|Any CPU
		{3475BF2E-6B27-491D-A84F-C4FC653E995F}.Debug|Any CPU.Build.0 = Debug|Any CPU
		{3475BF2E-6B27-491D-A84F-C4FC653E995F}.Debug|x64.ActiveCfg = Debug|Any CPU
		{3475BF2E-6B27-491D-A84F-C4FC653E995F}.Debug|x64.Build.0 = Debug|Any CPU
		{3475BF2E-6B27-491D-A84F-C4FC653E995F}.Debug|x86.ActiveCfg = Debug|Any CPU
		{3475BF2E-6B27-491D-A84F-C4FC653E995F}.Debug|x86.Build.0 = Debug|Any CPU
		{3475BF2E-6B27-491D-A84F-C4FC653E995F}.Release|Any CPU.ActiveCfg = Release|Any CPU
		{3475BF2E-6B27-491D-A84F-C4FC653E995F}.Release|Any CPU.Build.0 = Release|Any CPU
		{3475BF2E-6B27-491D-A84F-C4FC653E995F}.Release|x64.ActiveCfg = Release|Any CPU
		{3475BF2E-6B27-491D-A84F-C4FC653E995F}.Release|x64.Build.0 = Release|Any CPU
		{3475BF2E-6B27-491D-A84F-C4FC653E995F}.Release|x86.ActiveCfg = Release|Any CPU
		{3475BF2E-6B27-491D-A84F-C4FC653E995F}.Release|x86.Build.0 = Release|Any CPU
		{D19EB597-239B-4ED7-9ABB-F3277E2FE12E}.Debug|Any CPU.ActiveCfg = Debug|Any CPU
		{D19EB597-239B-4ED7-9ABB-F3277E2FE12E}.Debug|Any CPU.Build.0 = Debug|Any CPU
		{D19EB597-239B-4ED7-9ABB-F3277E2FE12E}.Debug|x64.ActiveCfg = Debug|Any CPU
		{D19EB597-239B-4ED7-9ABB-F3277E2FE12E}.Debug|x64.Build.0 = Debug|Any CPU
		{D19EB597-239B-4ED7-9ABB-F3277E2FE12E}.Debug|x86.ActiveCfg = Debug|Any CPU
		{D19EB597-239B-4ED7-9ABB-F3277E2FE12E}.Debug|x86.Build.0 = Debug|Any CPU
		{D19EB597-239B-4ED7-9ABB-F3277E2FE12E}.Release|Any CPU.ActiveCfg = Release|Any CPU
		{D19EB597-239B-4ED7-9ABB-F3277E2FE12E}.Release|Any CPU.Build.0 = Release|Any CPU
		{D19EB597-239B-4ED7-9ABB-F3277E2FE12E}.Release|x64.ActiveCfg = Release|Any CPU
		{D19EB597-239B-4ED7-9ABB-F3277E2FE12E}.Release|x64.Build.0 = Release|Any CPU
		{D19EB597-239B-4ED7-9ABB-F3277E2FE12E}.Release|x86.ActiveCfg = Release|Any CPU
		{D19EB597-239B-4ED7-9ABB-F3277E2FE12E}.Release|x86.Build.0 = Release|Any CPU
		{3E663501-2E6F-4857-9853-B3E45E4E8CA4}.Debug|Any CPU.ActiveCfg = Debug|Any CPU
		{3E663501-2E6F-4857-9853-B3E45E4E8CA4}.Debug|Any CPU.Build.0 = Debug|Any CPU
		{3E663501-2E6F-4857-9853-B3E45E4E8CA4}.Debug|x64.ActiveCfg = Debug|Any CPU
		{3E663501-2E6F-4857-9853-B3E45E4E8CA4}.Debug|x64.Build.0 = Debug|Any CPU
		{3E663501-2E6F-4857-9853-B3E45E4E8CA4}.Debug|x86.ActiveCfg = Debug|Any CPU
		{3E663501-2E6F-4857-9853-B3E45E4E8CA4}.Debug|x86.Build.0 = Debug|Any CPU
		{3E663501-2E6F-4857-9853-B3E45E4E8CA4}.Release|Any CPU.ActiveCfg = Release|Any CPU
		{3E663501-2E6F-4857-9853-B3E45E4E8CA4}.Release|Any CPU.Build.0 = Release|Any CPU
		{3E663501-2E6F-4857-9853-B3E45E4E8CA4}.Release|x64.ActiveCfg = Release|Any CPU
		{3E663501-2E6F-4857-9853-B3E45E4E8CA4}.Release|x64.Build.0 = Release|Any CPU
		{3E663501-2E6F-4857-9853-B3E45E4E8CA4}.Release|x86.ActiveCfg = Release|Any CPU
		{3E663501-2E6F-4857-9853-B3E45E4E8CA4}.Release|x86.Build.0 = Release|Any CPU
	EndGlobalSection
	GlobalSection(SolutionProperties) = preSolution
		HideSolutionNode = FALSE
	EndGlobalSection
EndGlobal
